
Microsoft Visual Studio Solution File, Format Version 12.00
# Visual Studio Version 16
VisualStudioVersion = 16.0.31613.86
MinimumVisualStudioVersion = 10.0.40219.1
Project("{FAE04EC0-301F-11D3-BF4B-00C04F79EFBC}") = "Convert to bits", "Convert to bits\Convert to bits.csproj", "{76A8D780-08B4-410E-8290-69E4B1488629}"
EndProject
Global
	GlobalSection(SolutionConfigurationPlatforms) = preSolution
		Debug|Any CPU = Debug|Any CPU
		Release|Any CPU = Release|Any CPU
	EndGlobalSection
	GlobalSection(ProjectConfigurationPlatforms) = postSolution
		{76A8D780-08B4-410E-8290-69E4B1488629}.Debug|Any CPU.ActiveCfg = Debug|Any CPU
		{76A8D780-08B4-410E-8290-69E4B1488629}.Debug|Any CPU.Build.0 = Debug|Any CPU
		{76A8D780-08B4-410E-8290-69E4B1488629}.Release|Any CPU.ActiveCfg = Release|Any CPU
		{76A8D780-08B4-410E-8290-69E4B1488629}.Release|Any CPU.Build.0 = Release|Any CPU
	EndGlobalSection
	GlobalSection(SolutionProperties) = preSolution
		HideSolutionNode = FALSE
	EndGlobalSection
	GlobalSection(ExtensibilityGlobals) = postSolution
		SolutionGuid = {DD5BB61E-9838-4B79-B307-C5AA8E43981E}
	EndGlobalSection
EndGlobal
